// !$*UTF8*$!
{
	archiveVersion = 1;
	classes = {
	};
	objectVersion = 77;
	objects = {

/* Begin PBXContainerItemProxy section */
		F32EB0FB2EDBCBFE00786560 /* PBXContainerItemProxy */ = {
			isa = PBXContainerItemProxy;
			containerPortal = F32EB0E22EDBCBFD00786560 /* Project object */;
			proxyType = 1;
			remoteGlobalIDString = F32EB0E92EDBCBFE00786560;
			remoteInfo = MealSaver;
		};
		F32EB1052EDBCBFE00786560 /* PBXContainerItemProxy */ = {
			isa = PBXContainerItemProxy;
			containerPortal = F32EB0E22EDBCBFD00786560 /* Project object */;
			proxyType = 1;
			remoteGlobalIDString = F32EB0E92EDBCBFE00786560;
			remoteInfo = MealSaver;
		};
/* End PBXContainerItemProxy section */

/* Begin PBXFileReference section */
		F32EB0EA2EDBCBFE00786560 /* MealSaver.app */ = {isa = PBXFileReference; explicitFileType = wrapper.application; includeInIndex = 0; path = MealSaver.app; sourceTree = BUILT_PRODUCTS_DIR; };
		F32EB0FA2EDBCBFE00786560 /* MealSaverTests.xctest */ = {isa = PBXFileReference; explicitFileType = wrapper.cfbundle; includeInIndex = 0; path = MealSaverTests.xctest; sourceTree = BUILT_PRODUCTS_DIR; };
		F32EB1042EDBCBFE00786560 /* MealSaverUITests.xctest */ = {isa = PBXFileReference; explicitFileType = wrapper.cfbundle; includeInIndex = 0; path = MealSaverUITests.xctest; sourceTree = BUILT_PRODUCTS_DIR; };
/* End PBXFileReference section */

/* Begin PBXFileSystemSynchronizedRootGroup section */
		F32EB0EC2EDBCBFE00786560 /* MealSaver */ = {
			isa = PBXFileSystemSynchronizedRootGroup;
			path = MealSaver;
			sourceTree = "<group>";
		};
		F32EB0FD2EDBCBFE00786560 /* MealSaverTests */ = {
			isa = PBXFileSystemSynchronizedRootGroup;
			path = MealSaverTests;
			sourceTree = "<group>";
		};
		F32EB1072EDBCBFE00786560 /* MealSaverUITests */ = {
			isa = PBXFileSystemSynchronizedRootGroup;
			path = MealSaverUITests;
			sourceTree = "<group>";
		};
/* End PBXFileSystemSynchronizedRootGroup section */

/* Begin PBXFrameworksBuildPhase section */
		F32EB0E72EDBCBFE00786560 /* Frameworks */ = {
			isa = PBXFrameworksBuildPhase;
			buildActionMask = 2147483647;
			files = (
			);
			runOnlyForDeploymentPostprocessing = 0;
		};
		F32EB0F72EDBCBFE00786560 /* Frameworks */ = {
			isa = PBXFrameworksBuildPhase;
			buildActionMask = 2147483647;
			files = (
			);
			runOnlyForDeploymentPostprocessing = 0;
		};
		F32EB1012EDBCBFE00786560 /* Frameworks */ = {
			isa = PBXFrameworksBuildPhase;
			buildActionMask = 2147483647;
			files = (
			);
			runOnlyForDeploymentPostprocessing = 0;
		};
/* End PBXFrameworksBuildPhase section */

/* Begin PBXGroup section */
		F32EB0E12EDBCBFD00786560 = {
			isa = PBXGroup;
			children = (
				F32EB0EC2EDBCBFE00786560 /* MealSaver */,
				F32EB0FD2EDBCBFE00786560 /* MealSaverTests */,
				F32EB1072EDBCBFE00786560 /* MealSaverUITests */,
				F32EB0EB2EDBCBFE00786560 /* Products */,
			);
			sourceTree = "<group>";
		};
		F32EB0EB2EDBCBFE00786560 /* Products */ = {
			isa = PBXGroup;
			children = (
				F32EB0EA2EDBCBFE00786560 /* MealSaver.app */,
				F32EB0FA2EDBCBFE00786560 /* MealSaverTests.xctest */,
				F32EB1042EDBCBFE00786560 /* MealSaverUITests.xctest */,
			);
			name = Products;
			sourceTree = "<group>";
		};
/* End PBXGroup section */

/* Begin PBXNativeTarget section */
		F32EB0E92EDBCBFE00786560 /* MealSaver */ = {
			isa = PBXNativeTarget;
			buildConfigurationList = F32EB10E2EDBCBFE00786560 /* Build configuration list for PBXNativeTarget "MealSaver" */;
			buildPhases = (
				F32EB0E62EDBCBFE00786560 /* Sources */,
				F32EB0E72EDBCBFE00786560 /* Frameworks */,
				F32EB0E82EDBCBFE00786560 /* Resources */,
			);
			buildRules = (
			);
			dependencies = (
			);
			fileSystemSynchronizedGroups = (
				F32EB0EC2EDBCBFE00786560 /* MealSaver */,
			);
			name = MealSaver;
			packageProductDependencies = (
			);
			productName = MealSaver;
			productReference = F32EB0EA2EDBCBFE00786560 /* MealSaver.app */;
			productType = "com.apple.product-type.application";
		};
		F32EB0F92EDBCBFE00786560 /* MealSaverTests */ = {
			isa = PBXNativeTarget;
			buildConfigurationList = F32EB1112EDBCBFE00786560 /* Build configuration list for PBXNativeTarget "MealSaverTests" */;
			buildPhases = (
				F32EB0F62EDBCBFE00786560 /* Sources */,
				F32EB0F72EDBCBFE00786560 /* Frameworks */,
				F32EB0F82EDBCBFE00786560 /* Resources */,
			);
			buildRules = (
			);
			dependencies = (
				F32EB0FC2EDBCBFE00786560 /* PBXTargetDependency */,
			);
			fileSystemSynchronizedGroups = (
				F32EB0FD2EDBCBFE00786560 /* MealSaverTests */,
			);
			name = MealSaverTests;
			packageProductDependencies = (
			);
			productName = MealSaverTests;
			productReference = F32EB0FA2EDBCBFE00786560 /* MealSaverTests.xctest */;
			productType = "com.apple.product-type.bundle.unit-test";
		};
		F32EB1032EDBCBFE00786560 /* MealSaverUITests */ = {
			isa = PBXNativeTarget;
			buildConfigurationList = F32EB1142EDBCBFE00786560 /* Build configuration list for PBXNativeTarget "MealSaverUITests" */;
			buildPhases = (
				F32EB1002EDBCBFE00786560 /* Sources */,
				F32EB1012EDBCBFE00786560 /* Frameworks */,
				F32EB1022EDBCBFE00786560 /* Resources */,
			);
			buildRules = (
			);
			dependencies = (
				F32EB1062EDBCBFE00786560 /* PBXTargetDependency */,
			);
			fileSystemSynchronizedGroups = (
				F32EB1072EDBCBFE00786560 /* MealSaverUITests */,
			);
			name = MealSaverUITests;
			packageProductDependencies = (
			);
			productName = MealSaverUITests;
			productReference = F32EB1042EDBCBFE00786560 /* MealSaverUITests.xctest */;
			productType = "com.apple.product-type.bundle.ui-testing";
		};
/* End PBXNativeTarget section */

/* Begin PBXProject section */
		F32EB0E22EDBCBFD00786560 /* Project object */ = {
			isa = PBXProject;
			attributes = {
				BuildIndependentTargetsInParallel = 1;
				LastSwiftUpdateCheck = 1600;
				LastUpgradeCheck = 1600;
				TargetAttributes = {
					F32EB0E92EDBCBFE00786560 = {
						CreatedOnToolsVersion = 16.0;
					};
					F32EB0F92EDBCBFE00786560 = {
						CreatedOnToolsVersion = 16.0;
						TestTargetID = F32EB0E92EDBCBFE00786560;
					};
					F32EB1032EDBCBFE00786560 = {
						CreatedOnToolsVersion = 16.0;
						TestTargetID = F32EB0E92EDBCBFE00786560;
					};
				};
			};
			buildConfigurationList = F32EB0E52EDBCBFD00786560 /* Build configuration list for PBXProject "MealSaver" */;
			developmentRegion = en;
			hasScannedForEncodings = 0;
			knownRegions = (
				en,
				Base,
			);
			mainGroup = F32EB0E12EDBCBFD00786560;
			minimizedProjectReferenceProxies = 1;
			preferredProjectObjectVersion = 77;
			productRefGroup = F32EB0EB2EDBCBFE00786560 /* Products */;
			projectDirPath = "";
			projectRoot = "";
			targets = (
				F32EB0E92EDBCBFE00786560 /* MealSaver */,
				F32EB0F92EDBCBFE00786560 /* MealSaverTests */,
				F32EB1032EDBCBFE00786560 /* MealSaverUITests */,
			);
		};
/* End PBXProject section */

/* Begin PBXResourcesBuildPhase section */
		F32EB0E82EDBCBFE00786560 /* Resources */ = {
			isa = PBXResourcesBuildPhase;
			buildActionMask = 2147483647;
			files = (
			);
			runOnlyForDeploymentPostprocessing = 0;
		};
		F32EB0F82EDBCBFE00786560 /* Resources */ = {
			isa = PBXResourcesBuildPhase;
			buildActionMask = 2147483647;
			files = (
			);
			runOnlyForDeploymentPostprocessing = 0;
		};
		F32EB1022EDBCBFE00786560 /* Resources */ = {
			isa = PBXResourcesBuildPhase;
			buildActionMask = 2147483647;
			files = (
			);
			runOnlyForDeploymentPostprocessing = 0;
		};
/* End PBXResourcesBuildPhase section */

/* Begin PBXSourcesBuildPhase section */
		F32EB0E62EDBCBFE00786560 /* Sources */ = {
			isa = PBXSourcesBuildPhase;
			buildActionMask = 2147483647;
			files = (
			);
			runOnlyForDeploymentPostprocessing = 0;
		};
		F32EB0F62EDBCBFE00786560 /* Sources */ = {
			isa = PBXSourcesBuildPhase;
			buildActionMask = 2147483647;
			files = (
			);
			runOnlyForDeploymentPostprocessing = 0;
		};
		F32EB1002EDBCBFE00786560 /* Sources */ = {
			isa = PBXSourcesBuildPhase;
			buildActionMask = 2147483647;
			files = (
			);
			runOnlyForDeploymentPostprocessing = 0;
		};
/* End PBXSourcesBuildPhase section */

/* Begin PBXTargetDependency section */
		F32EB0FC2EDBCBFE00786560 /* PBXTargetDependency */ = {
			isa = PBXTargetDependency;
			target = F32EB0E92EDBCBFE00786560 /* MealSaver */;
			targetProxy = F32EB0FB2EDBCBFE00786560 /* PBXContainerItemProxy */;
		};
		F32EB1062EDBCBFE00786560 /* PBXTargetDependency */ = {
			isa = PBXTargetDependency;
			target = F32EB0E92EDBCBFE00786560 /* MealSaver */;
			targetProxy = F32EB1052EDBCBFE00786560 /* PBXContainerItemProxy */;
		};
/* End PBXTargetDependency section */

/* Begin XCBuildConfiguration section */
		F32EB10C2EDBCBFE00786560 /* Debug */ = {
			isa = XCBuildConfiguration;
			buildSettings = {
				ALWAYS_SEARCH_USER_PATHS = NO;
				ASSETCATALOG_COMPILER_GENERATE_SWIFT_ASSET_SYMBOL_EXTENSIONS = YES;
				CLANG_ANALYZER_NONNULL = YES;
				CLANG_ANALYZER_NUMBER_OBJECT_CONVERSION = YES_AGGRESSIVE;
				CLANG_CXX_LANGUAGE_STANDARD = "gnu++20";
				CLANG_ENABLE_MODULES = YES;
				CLANG_ENABLE_OBJC_ARC = YES;
				CLANG_ENABLE_OBJC_WEAK = YES;
				CLANG_WARN_BLOCK_CAPTURE_AUTORELEASING = YES;
				CLANG_WARN_BOOL_CONVERSION = YES;
				CLANG_WARN_COMMA = YES;
				CLANG_WARN_CONSTANT_CONVERSION = YES;
				CLANG_WARN_DEPRECATED_OBJC_IMPLEMENTATIONS = YES;
				CLANG_WARN_DIRECT_OBJC_ISA_USAGE = YES_ERROR;
				CLANG_WARN_DOCUMENTATION_COMMENTS = YES;
				CLANG_WARN_EMPTY_BODY = YES;
				CLANG_WARN_ENUM_CONVERSION = YES;
				CLANG_WARN_INFINITE_RECURSION = YES;
				CLANG_WARN_INT_CONVERSION = YES;
				CLANG_WARN_NON_LITERAL_NULL_CONVERSION = YES;
				CLANG_WARN_OBJC_IMPLICIT_RETAIN_SELF = YES;
				CLANG_WARN_OBJC_LITERAL_CONVERSION = YES;
				CLANG_WARN_OBJC_ROOT_CLASS = YES_ERROR;
				CLANG_WARN_QUOTED_INCLUDE_IN_FRAMEWORK_HEADER = YES;
				CLANG_WARN_RANGE_LOOP_ANALYSIS = YES;
				CLANG_WARN_STRICT_PROTOTYPES = YES;
				CLANG_WARN_SUSPICIOUS_MOVE = YES;
				CLANG_WARN_UNGUARDED_AVAILABILITY = YES_AGGRESSIVE;
				CLANG_WARN_UNREACHABLE_CODE = YES;
				CLANG_WARN__DUPLICATE_METHOD_MATCH = YES;
				COPY_PHASE_STRIP = NO;
				DEBUG_INFORMATION_FORMAT = dwarf;
				ENABLE_STRICT_OBJC_MSGSEND = YES;
				ENABLE_TESTABILITY = YES;
				ENABLE_USER_SCRIPT_SANDBOXING = YES;
				GCC_C_LANGUAGE_STANDARD = gnu17;
				GCC_DYNAMIC_NO_PIC = NO;
				GCC_NO_COMMON_BLOCKS = YES;
				GCC_OPTIMIZATION_LEVEL = 0;
				GCC_PREPROCESSOR_DEFINITIONS = (
					"DEBUG=1",
					"$(inherited)",
				);
				GCC_WARN_64_TO_32_BIT_CONVERSION = YES;
				GCC_WARN_ABOUT_RETURN_TYPE = YES_ERROR;
				GCC_WARN_UNDECLARED_SELECTOR = YES;
				GCC_WARN_UNINITIALIZED_AUTOS = YES_AGGRESSIVE;
				GCC_WARN_UNUSED_FUNCTION = YES;
				GCC_WARN_UNUSED_VARIABLE = YES;
				IPHONEOS_DEPLOYMENT_TARGET = 18.0;
				LOCALIZATION_PREFERS_STRING_CATALOGS = YES;
				MTL_ENABLE_DEBUG_INFO = INCLUDE_SOURCE;
				MTL_FAST_MATH = YES;
				ONLY_ACTIVE_ARCH = YES;
				SDKROOT = iphoneos;
				SWIFT_ACTIVE_COMPILATION_CONDITIONS = "DEBUG $(inherited)";
				SWIFT_OPTIMIZATION_LEVEL = "-Onone";
			};
			name = Debug;
		};
		F32EB10D2EDBCBFE00786560 /* Release */ = {
			isa = XCBuildConfiguration;
			buildSettings = {
				ALWAYS_SEARCH_USER_PATHS = NO;
				ASSETCATALOG_COMPILER_GENERATE_SWIFT_ASSET_SYMBOL_EXTENSIONS = YES;
				CLANG_ANALYZER_NONNULL = YES;
				CLANG_ANALYZER_NUMBER_OBJECT_CONVERSION = YES_AGGRESSIVE;
				CLANG_CXX_LANGUAGE_STANDARD = "gnu++20";
				CLANG_ENABLE_MODULES = YES;
				CLANG_ENABLE_OBJC_ARC = YES;
				CLANG_ENABLE_OBJC_WEAK = YES;
				CLANG_WARN_BLOCK_CAPTURE_AUTORELEASING = YES;
				CLANG_WARN_BOOL_CONVERSION = YES;
				CLANG_WARN_COMMA = YES;
				CLANG_WARN_CONSTANT_CONVERSION = YES;
				CLANG_WARN_DEPRECATED_OBJC_IMPLEMENTATIONS = YES;
				CLANG_WARN_DIRECT_OBJC_ISA_USAGE = YES_ERROR;
				CLANG_WARN_DOCUMENTATION_COMMENTS = YES;
				CLANG_WARN_EMPTY_BODY = YES;
				CLANG_WARN_ENUM_CONVERSION = YES;
				CLANG_WARN_INFINITE_RECURSION = YES;
				CLANG_WARN_INT_CONVERSION = YES;
				CLANG_WARN_NON_LITERAL_NULL_CONVERSION = YES;
				CLANG_WARN_OBJC_IMPLICIT_RETAIN_SELF = YES;
				CLANG_WARN_OBJC_LITERAL_CONVERSION = YES;
				CLANG_WARN_OBJC_ROOT_CLASS = YES_ERROR;
				CLANG_WARN_QUOTED_INCLUDE_IN_FRAMEWORK_HEADER = YES;
				CLANG_WARN_RANGE_LOOP_ANALYSIS = YES;
				CLANG_WARN_STRICT_PROTOTYPES = YES;
				CLANG_WARN_SUSPICIOUS_MOVE = YES;
				CLANG_WARN_UNGUARDED_AVAILABILITY = YES_AGGRESSIVE;
				CLANG_WARN_UNREACHABLE_CODE = YES;
				CLANG_WARN__DUPLICATE_METHOD_MATCH = YES;
				COPY_PHASE_STRIP = NO;
				DEBUG_INFORMATION_FORMAT = "dwarf-with-dsym";
				ENABLE_NS_ASSERTIONS = NO;
				ENABLE_STRICT_OBJC_MSGSEND = YES;
				ENABLE_USER_SCRIPT_SANDBOXING = YES;
				GCC_C_LANGUAGE_STANDARD = gnu17;
				GCC_NO_COMMON_BLOCKS = YES;
				GCC_WARN_64_TO_32_BIT_CONVERSION = YES;
				GCC_WARN_ABOUT_RETURN_TYPE = YES_ERROR;
				GCC_WARN_UNDECLARED_SELECTOR = YES;
				GCC_WARN_UNINITIALIZED_AUTOS = YES_AGGRESSIVE;
				GCC_WARN_UNUSED_FUNCTION = YES;
				GCC_WARN_UNUSED_VARIABLE = YES;
				IPHONEOS_DEPLOYMENT_TARGET = 18.0;
				LOCALIZATION_PREFERS_STRING_CATALOGS = YES;
				MTL_ENABLE_DEBUG_INFO = NO;
				MTL_FAST_MATH = YES;
				SDKROOT = iphoneos;
				SWIFT_COMPILATION_MODE = wholemodule;
				VALIDATE_PRODUCT = YES;
			};
			name = Release;
		};
		F32EB10F2EDBCBFE00786560 /* Debug */ = {
			isa = XCBuildConfiguration;
			buildSettings = {
				ASSETCATALOG_COMPILER_APPICON_NAME = AppIcon;
				ASSETCATALOG_COMPILER_GLOBAL_ACCENT_COLOR_NAME = AccentColor;
				CODE_SIGN_STYLE = Automatic;
				CURRENT_PROJECT_VERSION = 1;
				DEVELOPMENT_ASSET_PATHS = "\"MealSaver/Preview Content\"";
				DEVELOPMENT_TEAM = 3FMX5SB2H6;
				ENABLE_PREVIEWS = YES;
				GENERATE_INFOPLIST_FILE = YES;
				INFOPLIST_KEY_UIApplicationSceneManifest_Generation = YES;
				INFOPLIST_KEY_UIApplicationSupportsIndirectInputEvents = YES;
				INFOPLIST_KEY_UILaunchScreen_Generation = YES;
				INFOPLIST_KEY_UISupportedInterfaceOrientations_iPad = "UIInterfaceOrientationPortrait UIInterfaceOrientationPortraitUpsideDown UIInterfaceOrientationLandscapeLeft UIInterfaceOrientationLandscapeRight";
				INFOPLIST_KEY_UISupportedInterfaceOrientations_iPhone = "UIInterfaceOrientationPortrait UIInterfaceOrientationLandscapeLeft UIInterfaceOrientationLandscapeRight";
				LD_RUNPATH_SEARCH_PATHS = (
					"$(inherited)",
					"@executable_path/Frameworks",
				);
				MARKETING_VERSION = 1.0;
				PRODUCT_BUNDLE_IDENTIFIER = codemiracles.MealSaver;
				PRODUCT_NAME = "$(TARGET_NAME)";
				SWIFT_EMIT_LOC_STRINGS = YES;
				SWIFT_VERSION = 5.0;
				TARGETED_DEVICE_FAMILY = "1,2";
			};
			name = Debug;
		};
		F32EB1102EDBCBFE00786560 /* Release */ = {
			isa = XCBuildConfiguration;
			buildSettings = {
				ASSETCATALOG_COMPILER_APPICON_NAME = AppIcon;
				ASSETCATALOG_COMPILER_GLOBAL_ACCENT_COLOR_NAME = AccentColor;
				CODE_SIGN_STYLE = Automatic;
				CURRENT_PROJECT_VERSION = 1;
				DEVELOPMENT_ASSET_PATHS = "\"MealSaver/Preview Content\"";
				DEVELOPMENT_TEAM = 3FMX5SB2H6;
				ENABLE_PREVIEWS = YES;
				GENERATE_INFOPLIST_FILE = YES;
				INFOPLIST_KEY_UIApplicationSceneManifest_Generation = YES;
				INFOPLIST_KEY_UIApplicationSupportsIndirectInputEvents = YES;
				INFOPLIST_KEY_UILaunchScreen_Generation = YES;
				INFOPLIST_KEY_UISupportedInterfaceOrientations_iPad = "UIInterfaceOrientationPortrait UIInterfaceOrientationPortraitUpsideDown UIInterfaceOrientationLandscapeLeft UIInterfaceOrientationLandscapeRight";
				INFOPLIST_KEY_UISupportedInterfaceOrientations_iPhone = "UIInterfaceOrientationPortrait UIInterfaceOrientationLandscapeLeft UIInterfaceOrientationLandscapeRight";
				LD_RUNPATH_SEARCH_PATHS = (
					"$(inherited)",
					"@executable_path/Frameworks",
				);
				MARKETING_VERSION = 1.0;
				PRODUCT_BUNDLE_IDENTIFIER = codemiracles.MealSaver;
				PRODUCT_NAME = "$(TARGET_NAME)";
				SWIFT_EMIT_LOC_STRINGS = YES;
				SWIFT_VERSION = 5.0;
				TARGETED_DEVICE_FAMILY = "1,2";
			};
			name = Release;
		};
		F32EB1122EDBCBFE00786560 /* Debug */ = {
			isa = XCBuildConfiguration;
			buildSettings = {
				BUNDLE_LOADER = "$(TEST_HOST)";
				CODE_SIGN_STYLE = Automatic;
				CURRENT_PROJECT_VERSION = 1;
				DEVELOPMENT_TEAM = 3FMX5SB2H6;
				GENERATE_INFOPLIST_FILE = YES;
				IPHONEOS_DEPLOYMENT_TARGET = 18.0;
				MARKETING_VERSION = 1.0;
				PRODUCT_BUNDLE_IDENTIFIER = codemiracles.MealSaverTests;
				PRODUCT_NAME = "$(TARGET_NAME)";
				SWIFT_EMIT_LOC_STRINGS = NO;
				SWIFT_VERSION = 5.0;
				TARGETED_DEVICE_FAMILY = "1,2";
				TEST_HOST = "$(BUILT_PRODUCTS_DIR)/MealSaver.app/$(BUNDLE_EXECUTABLE_FOLDER_PATH)/MealSaver";
			};
			name = Debug;
		};
		F32EB1132EDBCBFE00786560 /* Release */ = {
			isa = XCBuildConfiguration;
			buildSettings = {
				BUNDLE_LOADER = "$(TEST_HOST)";
				CODE_SIGN_STYLE = Automatic;
				CURRENT_PROJECT_VERSION = 1;
				DEVELOPMENT_TEAM = 3FMX5SB2H6;
				GENERATE_INFOPLIST_FILE = YES;
				IPHONEOS_DEPLOYMENT_TARGET = 18.0;
				MARKETING_VERSION = 1.0;
				PRODUCT_BUNDLE_IDENTIFIER = codemiracles.MealSaverTests;
				PRODUCT_NAME = "$(TARGET_NAME)";
				SWIFT_EMIT_LOC_STRINGS = NO;
				SWIFT_VERSION = 5.0;
				TARGETED_DEVICE_FAMILY = "1,2";
				TEST_HOST = "$(BUILT_PRODUCTS_DIR)/MealSaver.app/$(BUNDLE_EXECUTABLE_FOLDER_PATH)/MealSaver";
			};
			name = Release;
		};
		F32EB1152EDBCBFE00786560 /* Debug */ = {
			isa = XCBuildConfiguration;
			buildSettings = {
				CODE_SIGN_STYLE = Automatic;
				CURRENT_PROJECT_VERSION = 1;
				DEVELOPMENT_TEAM = 3FMX5SB2H6;
				GENERATE_INFOPLIST_FILE = YES;
				MARKETING_VERSION = 1.0;
				PRODUCT_BUNDLE_IDENTIFIER = codemiracles.MealSaverUITests;
				PRODUCT_NAME = "$(TARGET_NAME)";
				SWIFT_EMIT_LOC_STRINGS = NO;
				SWIFT_VERSION = 5.0;
				TARGETED_DEVICE_FAMILY = "1,2";
				TEST_TARGET_NAME = MealSaver;
			};
			name = Debug;
		};
		F32EB1162EDBCBFE00786560 /* Release */ = {
			isa = XCBuildConfiguration;
			buildSettings = {
				CODE_SIGN_STYLE = Automatic;
				CURRENT_PROJECT_VERSION = 1;
				DEVELOPMENT_TEAM = 3FMX5SB2H6;
				GENERATE_INFOPLIST_FILE = YES;
				MARKETING_VERSION = 1.0;
				PRODUCT_BUNDLE_IDENTIFIER = codemiracles.MealSaverUITests;
				PRODUCT_NAME = "$(TARGET_NAME)";
				SWIFT_EMIT_LOC_STRINGS = NO;
				SWIFT_VERSION = 5.0;
				TARGETED_DEVICE_FAMILY = "1,2";
				TEST_TARGET_NAME = MealSaver;
			};
			name = Release;
		};
/* End XCBuildConfiguration section */

/* Begin XCConfigurationList section */
		F32EB0E52EDBCBFD00786560 /* Build configuration list for PBXProject "MealSaver" */ = {
			isa = XCConfigurationList;
			buildConfigurations = (
				F32EB10C2EDBCBFE00786560 /* Debug */,
				F32EB10D2EDBCBFE00786560 /* Release */,
			);
			defaultConfigurationIsVisible = 0;
			defaultConfigurationName = Release;
		};
		F32EB10E2EDBCBFE00786560 /* Build configuration list for PBXNativeTarget "MealSaver" */ = {
			isa = XCConfigurationList;
			buildConfigurations = (
				F32EB10F2EDBCBFE00786560 /* Debug */,
				F32EB1102EDBCBFE00786560 /* Release */,
			);
			defaultConfigurationIsVisible = 0;
			defaultConfigurationName = Release;
		};
		F32EB1112EDBCBFE00786560 /* Build configuration list for PBXNativeTarget "MealSaverTests" */ = {
			isa = XCConfigurationList;
			buildConfigurations = (
				F32EB1122EDBCBFE00786560 /* Debug */,
				F32EB1132EDBCBFE00786560 /* Release */,
			);
			defaultConfigurationIsVisible = 0;
			defaultConfigurationName = Release;
		};
		F32EB1142EDBCBFE00786560 /* Build configuration list for PBXNativeTarget "MealSaverUITests" */ = {
			isa = XCConfigurationList;
			buildConfigurations = (
				F32EB1152EDBCBFE00786560 /* Debug */,
				F32EB1162EDBCBFE00786560 /* Release */,
			);
			defaultConfigurationIsVisible = 0;
			defaultConfigurationName = Release;
		};
/* End XCConfigurationList section */
	};
	rootObject = F32EB0E22EDBCBFD00786560 /* Project object */;
}
